
Microsoft Visual Studio Solution File, Format Version 12.00
# Visual Studio Version 16
VisualStudioVersion = 16.0.31515.178
MinimumVisualStudioVersion = 10.0.40219.1
Project("{FAE04EC0-301F-11D3-BF4B-00C04F79EFBC}") = "Ebiograf.Web.API", "Ebiograf.Web.API\Ebiograf.Web.API.csproj", "{A86DC7FF-0CBA-46B1-AA31-9D5F4A9B9A75}"
EndProject
Global
	GlobalSection(SolutionConfigurationPlatforms) = preSolution
		Debug|Any CPU = Debug|Any CPU
		Release|Any CPU = Release|Any CPU
	EndGlobalSection
	GlobalSection(ProjectConfigurationPlatforms) = postSolution
		{A86DC7FF-0CBA-46B1-AA31-9D5F4A9B9A75}.Debug|Any CPU.ActiveCfg = Debug|Any CPU
		{A86DC7FF-0CBA-46B1-AA31-9D5F4A9B9A75}.Debug|Any CPU.Build.0 = Debug|Any CPU
		{A86DC7FF-0CBA-46B1-AA31-9D5F4A9B9A75}.Release|Any CPU.ActiveCfg = Release|Any CPU
		{A86DC7FF-0CBA-46B1-AA31-9D5F4A9B9A75}.Release|Any CPU.Build.0 = Release|Any CPU
	EndGlobalSection
	GlobalSection(SolutionProperties) = preSolution
		HideSolutionNode = FALSE
	EndGlobalSection
	GlobalSection(ExtensibilityGlobals) = postSolution
		SolutionGuid = {CF1A4C96-ECAB-44FC-93C5-5921BCFC0D99}
	EndGlobalSection
EndGlobal
